
Microsoft Visual Studio Solution File, Format Version 12.00
# Visual Studio Version 17
VisualStudioVersion = 17.5.002.0
MinimumVisualStudioVersion = 10.0.40219.1
Project("{9A19103F-16F7-4668-BE54-9A1E7A4F7556}") = "revit", "revit\revit.csproj", "{EA616194-2117-4742-AA70-860EC72B34E6}"
EndProject
Global
	GlobalSection(SolutionConfigurationPlatforms) = preSolution
		Debug|Any CPU = Debug|Any CPU
		Release|Any CPU = Release|Any CPU
	EndGlobalSection
	GlobalSection(ProjectConfigurationPlatforms) = postSolution
		{EA616194-2117-4742-AA70-860EC72B34E6}.Debug|Any CPU.ActiveCfg = Debug|Any CPU
		{EA616194-2117-4742-AA70-860EC72B34E6}.Debug|Any CPU.Build.0 = Debug|Any CPU
		{EA616194-2117-4742-AA70-860EC72B34E6}.Release|Any CPU.ActiveCfg = Release|Any CPU
		{EA616194-2117-4742-AA70-860EC72B34E6}.Release|Any CPU.Build.0 = Release|Any CPU
	EndGlobalSection
	GlobalSection(SolutionProperties) = preSolution
		HideSolutionNode = FALSE
	EndGlobalSection
	GlobalSection(ExtensibilityGlobals) = postSolution
		SolutionGuid = {50B1B20E-195C-4284-A5CD-4D7D6F027E77}
	EndGlobalSection
EndGlobal
